
Microsoft Visual Studio Solution File, Format Version 12.00
# Visual Studio 14
VisualStudioVersion = 14.0.25123.0
MinimumVisualStudioVersion = 10.0.40219.1
Project("{FAE04EC0-301F-11D3-BF4B-00C04F79EFBC}") = "Disqus.NET", "Disqus.NET\Disqus.NET.csproj", "{50744128-757D-49B4-9423-C21828E9DA66}"
EndProject
Project("{FAE04EC0-301F-11D3-BF4B-00C04F79EFBC}") = "Disqus.NET.Tests", "Disqus.NET.Tests\Disqus.NET.Tests.csproj", "{D4B2A979-D3CB-4AE8-960C-5FE6FC1EABAE}"
EndProject
Global
	GlobalSection(SolutionConfigurationPlatforms) = preSolution
		Debug|Any CPU = Debug|Any CPU
		Release|Any CPU = Release|Any CPU
	EndGlobalSection
	GlobalSection(ProjectConfigurationPlatforms) = postSolution
		{50744128-757D-49B4-9423-C21828E9DA66}.Debug|Any CPU.ActiveCfg = Debug|Any CPU
		{50744128-757D-49B4-9423-C21828E9DA66}.Debug|Any CPU.Build.0 = Debug|Any CPU
		{50744128-757D-49B4-9423-C21828E9DA66}.Release|Any CPU.ActiveCfg = Release|Any CPU
		{50744128-757D-49B4-9423-C21828E9DA66}.Release|Any CPU.Build.0 = Release|Any CPU
		{D4B2A979-D3CB-4AE8-960C-5FE6FC1EABAE}.Debug|Any CPU.ActiveCfg = Debug|Any CPU
		{D4B2A979-D3CB-4AE8-960C-5FE6FC1EABAE}.Debug|Any CPU.Build.0 = Debug|Any CPU
		{D4B2A979-D3CB-4AE8-960C-5FE6FC1EABAE}.Release|Any CPU.ActiveCfg = Release|Any CPU
		{D4B2A979-D3CB-4AE8-960C-5FE6FC1EABAE}.Release|Any CPU.Build.0 = Release|Any CPU
	EndGlobalSection
	GlobalSection(SolutionProperties) = preSolution
		HideSolutionNode = FALSE
	EndGlobalSection
EndGlobal
